{
  "nodes": {
    "argononed": {
      "flake": false,
      "locked": {
        "lastModified": 1729566243,
        "narHash": "sha256-DPNI0Dpk5aym3Baf5UbEe5GENDrSmmXVdriRSWE+rgk=",
        "owner": "nvmd",
        "repo": "argononed",
        "rev": "16dbee54d49b66d5654d228d1061246b440ef7cf",
        "type": "github"
      },
      "original": {
        "owner": "nvmd",
        "repo": "argononed",
        "type": "github"
      }
    },
    "flake-compat": {
      "locked": {
        "lastModified": 1767039857,
        "narHash": "sha256-vNpUSpF5Nuw8xvDLj2KCwwksIbjua2LZCqhV1LNRDns=",
        "owner": "edolstra",
        "repo": "flake-compat",
        "rev": "5edf11c44bc78a0d334f6334cdaf7d60d732daab",
        "type": "github"
      },
      "original": {
        "owner": "edolstra",
        "repo": "flake-compat",
        "type": "github"
      }
    },
    "home-manager": {
      "inputs": {
        "nixpkgs": [
          "nixpkgs"
        ]
      },
      "locked": {
        "lastModified": 1769580047,
        "narHash": "sha256-tNqCP/+2+peAXXQ2V8RwsBkenlfWMERb+Uy6xmevyhM=",
        "owner": "nix-community",
        "repo": "home-manager",
        "rev": "366d78c2856de6ab3411c15c1cb4fb4c2bf5c826",
        "type": "github"
      },
      "original": {
        "owner": "nix-community",
        "ref": "release-25.11",
        "repo": "home-manager",
        "type": "github"
      }
    },
    "nix-vscode-extensions": {
      "inputs": {
        "nixpkgs": "nixpkgs"
      },
      "locked": {
        "lastModified": 1770000617,
        "narHash": "sha256-UqnwSJvGpsVJTICQAOabn3jaPf1GntZ05/rGszlrcSA=",
        "owner": "nix-community",
        "repo": "nix-vscode-extensions",
        "rev": "a9bab7b9407e6e961d79abfdef3e11c1d7aacb4f",
        "type": "github"
      },
      "original": {
        "owner": "nix-community",
        "repo": "nix-vscode-extensions",
        "type": "github"
      }
    },
    "nixos-images": {
      "inputs": {
        "nixos-stable": [
          "nixos-raspberrypi",
          "nixpkgs"
        ],
        "nixos-unstable": [
          "nixos-raspberrypi",
          "nixpkgs"
        ]
      },
      "locked": {
        "lastModified": 1747747741,
        "narHash": "sha256-LUOH27unNWbGTvZFitHonraNx0JF/55h30r9WxqrznM=",
        "owner": "nvmd",
        "repo": "nixos-images",
        "rev": "cbbd6db325775096680b65e2a32fb6187c09bbb4",
        "type": "github"
      },
      "original": {
        "owner": "nvmd",
        "ref": "sdimage-installer",
        "repo": "nixos-images",
        "type": "github"
      }
    },
    "nixos-raspberrypi": {
      "inputs": {
        "argononed": "argononed",
        "flake-compat": "flake-compat",
        "nixos-images": "nixos-images",
        "nixpkgs": "nixpkgs_2"
      },
      "locked": {
        "lastModified": 1769297295,
        "narHash": "sha256-WNI4AzwrYPeKzI/maEE+pRm8y+l9+zELkmVzMzOrOfY=",
        "owner": "nvmd",
        "repo": "nixos-raspberrypi",
        "rev": "251861d8e7e4806e185a8e41e09b3ad1e6e088e6",
        "type": "github"
      },
      "original": {
        "owner": "nvmd",
        "ref": "main",
        "repo": "nixos-raspberrypi",
        "type": "github"
      }
    },
    "nixpkgs": {
      "locked": {
        "lastModified": 1766025857,
        "narHash": "sha256-Lav5jJazCW4mdg1iHcROpuXqmM94BWJvabLFWaJVJp0=",
        "owner": "nixos",
        "repo": "nixpkgs",
        "rev": "def3da69945bbe338c373fddad5a1bb49cf199ce",
        "type": "github"
      },
      "original": {
        "owner": "nixos",
        "repo": "nixpkgs",
        "rev": "def3da69945bbe338c373fddad5a1bb49cf199ce",
        "type": "github"
      }
    },
    "nixpkgs_2": {
      "locked": {
        "lastModified": 1769296100,
        "narHash": "sha256-T5VGtbz2X+waw2P1dYvLa56osxj3cNZArfa5aRBVT+s=",
        "owner": "nvmd",
        "repo": "nixpkgs",
        "rev": "87f37c7a374071ec0924b99b846c1a7cc44a8c6c",
        "type": "github"
      },
      "original": {
        "owner": "nvmd",
        "ref": "modules-with-keys-25.11",
        "repo": "nixpkgs",
        "type": "github"
      }
    },
    "nixpkgs_3": {
      "locked": {
        "lastModified": 1769900590,
        "narHash": "sha256-I7Lmgj3owOTBGuauy9FL6qdpeK2umDoe07lM4V+PnyA=",
        "owner": "NixOS",
        "repo": "nixpkgs",
        "rev": "41e216c0ca66c83b12ab7a98cc326b5db01db646",
        "type": "github"
      },
      "original": {
        "owner": "NixOS",
        "ref": "nixos-25.11",
        "repo": "nixpkgs",
        "type": "github"
      }
    },
    "root": {
      "inputs": {
        "home-manager": "home-manager",
        "nix-vscode-extensions": "nix-vscode-extensions",
        "nixos-raspberrypi": "nixos-raspberrypi",
        "nixpkgs": "nixpkgs_3"
      }
    }
  },
  "root": "root",
  "version": 7
}
